
Microsoft Visual Studio Solution File, Format Version 12.00
# Visual Studio Version 17
VisualStudioVersion = 17.9.34622.214
MinimumVisualStudioVersion = 10.0.40219.1
Project("{9A19103F-16F7-4668-BE54-9A1E7A4F7556}") = "DockerPeriodicApp", "DockerPeriodicApp.csproj", "{6B82E094-80DF-421C-8755-943EDA3BF877}"
EndProject
Global
	GlobalSection(SolutionConfigurationPlatforms) = preSolution
		Debug|Any CPU = Debug|Any CPU
		Release|Any CPU = Release|Any CPU
	EndGlobalSection
	GlobalSection(ProjectConfigurationPlatforms) = postSolution
		{6B82E094-80DF-421C-8755-943EDA3BF877}.Debug|Any CPU.ActiveCfg = Debug|Any CPU
		{6B82E094-80DF-421C-8755-943EDA3BF877}.Debug|Any CPU.Build.0 = Debug|Any CPU
		{6B82E094-80DF-421C-8755-943EDA3BF877}.Release|Any CPU.ActiveCfg = Release|Any CPU
		{6B82E094-80DF-421C-8755-943EDA3BF877}.Release|Any CPU.Build.0 = Release|Any CPU
	EndGlobalSection
	GlobalSection(SolutionProperties) = preSolution
		HideSolutionNode = FALSE
	EndGlobalSection
	GlobalSection(ExtensibilityGlobals) = postSolution
		SolutionGuid = {DDE5DB48-BF9B-407C-88F6-3B33940E93F1}
	EndGlobalSection
EndGlobal
